
Microsoft Visual Studio Solution File, Format Version 12.00
Project("{FAE04EC0-301F-11D3-BF4B-00C04F79EFBC}") = "Breakout", "Breakout\Breakout.csproj", "{F23F12F9-1F01-4088-A8BB-28AFC3FFB962}"
EndProject
Global
	GlobalSection(SolutionConfigurationPlatforms) = preSolution
		Debug|Any CPU = Debug|Any CPU
		Release|Any CPU = Release|Any CPU
	EndGlobalSection
	GlobalSection(ProjectConfigurationPlatforms) = postSolution
		{F23F12F9-1F01-4088-A8BB-28AFC3FFB962}.Debug|Any CPU.ActiveCfg = Debug|Any CPU
		{F23F12F9-1F01-4088-A8BB-28AFC3FFB962}.Debug|Any CPU.Build.0 = Debug|Any CPU
		{F23F12F9-1F01-4088-A8BB-28AFC3FFB962}.Release|Any CPU.ActiveCfg = Release|Any CPU
		{F23F12F9-1F01-4088-A8BB-28AFC3FFB962}.Release|Any CPU.Build.0 = Release|Any CPU
	EndGlobalSection
EndGlobal
